github.com/containous/flaeg v1.4.1 h1:VTouP7EF2JeowNvknpP3fJAJLUDsQ1lDHq/QQTQc1xc=
github.com/containous/flaeg v1.4.1/go.mod h1:wgw6PDtRURXHKFFV6HOqQxWhUc3k3Hmq22jw+n2qDro=
github.com/google/go-cmp v0.3.1 h1:Xye71clBPdm5HgqGwUkwhbynsUJZhDbS20FvLhQ2izg=
github.com/google/go-cmp v0.3.1/go.mod h1:8QqcDgzrUqlUb/G2PQTWiueGozuR1884gddMywk6iLU=
github.com/ldez/go-semaphoreci v1.2.2 h1:TkrCnaHrH5C9g0+3RI7pFHJT3qRsYlst+XxR3JaRylc=
github.com/ldez/go-semaphoreci v1.2.2/go.mod h1:5y/ad09u3bpvouEExjzEPmO7GLm3MVHemkRlkmMoS80=
github.com/ogier/pflag v0.0.1 h1:RW6JSWSu/RkSatfcLtogGfFgpim5p7ARQ10ECk5O750=
github.com/ogier/pflag v0.0.1/go.mod h1:zkFki7tvTa0tafRvTBIZTvzYyAu6kQhPZFnshFFPE+g=
github.com/pkg/errors v0.8.1 h1:iURUrRGxPUNPdy5/HRSm+Yj6okJ6UtLINN0Q9M4+h3I=
github.com/pkg/errors v0.8.1/go.mod h1:bwawxfHBFNV+L2hUp1rHADufV3IMtnDRdf1r5NINEl0=
gotest.tools v2.2.0+incompatible h1:VsBPFP1AI068pPrMxtb/S8Zkgf9xEmTLJjfM+P5UIEo=
gotest.tools v2.2.0+incompatible/go.mod h1:DsYFclhRJ6vuDpmuTbkuFWG+y2sxOXAzmJt81HFBacw=
