github.com/containous/flaeg v1.4.1 h1:VTouP7EF2JeowNvknpP3fJAJLUDsQ1lDHq/QQTQc1xc=
github.com/containous/flaeg v1.4.1/go.mod h1:wgw6PDtRURXHKFFV6HOqQxWhUc3k3Hmq22jw+n2qDro=
github.com/davecgh/go-spew v1.1.1 h1:vj9j/u1bqnvCEfJOwUhtlOARqs3+rkHYY13jYWTU97c=
github.com/davecgh/go-spew v1.1.1/go.mod h1:J7Y8YcW2NihsgmVo/mv3lAwl/skON4iLHjSsI+c5H38=
github.com/ldez/go-semaphoreci v1.1.0 h1:7vazRJebW5rj/+3Hldt3FqihdRViwhWr1zbHpNlzGhk=
github.com/ldez/go-semaphoreci v1.1.0/go.mod h1:5y/ad09u3bpvouEExjzEPmO7GLm3MVHemkRlkmMoS80=
github.com/ldez/go-semaphoreci v1.2.1 h1:mdOnGRaUNjoVVFAMB1xIFqmnvJdpmKXwmqgE1DH0GhM=
github.com/ldez/go-semaphoreci v1.2.1/go.mod h1:5y/ad09u3bpvouEExjzEPmO7GLm3MVHemkRlkmMoS80=
github.com/ogier/pflag v0.0.1 h1:RW6JSWSu/RkSatfcLtogGfFgpim5p7ARQ10ECk5O750=
github.com/ogier/pflag v0.0.1/go.mod h1:zkFki7tvTa0tafRvTBIZTvzYyAu6kQhPZFnshFFPE+g=
github.com/pkg/errors v0.8.1 h1:iURUrRGxPUNPdy5/HRSm+Yj6okJ6UtLINN0Q9M4+h3I=
github.com/pkg/errors v0.8.1/go.mod h1:bwawxfHBFNV+L2hUp1rHADufV3IMtnDRdf1r5NINEl0=
