github.com/containous/flaeg v1.4.1 h1:VTouP7EF2JeowNvknpP3fJAJLUDsQ1lDHq/QQTQc1xc=
github.com/containous/flaeg v1.4.1/go.mod h1:wgw6PDtRURXHKFFV6HOqQxWhUc3k3Hmq22jw+n2qDro=
github.com/google/go-cmp v0.2.0 h1:+dTQ8DZQJz0Mb/HjFlkptS1FeQ4cWSnN941F8aEG4SQ=
github.com/google/go-cmp v0.2.0/go.mod h1:oXzfMopK8JAjlY9xF4vHSVASa0yLyX7SntLO5aqRK0M=
github.com/ldez/go-semaphoreci v1.2.2 h1:TkrCnaHrH5C9g0+3RI7pFHJT3qRsYlst+XxR3JaRylc=
github.com/ldez/go-semaphoreci v1.2.2/go.mod h1:5y/ad09u3bpvouEExjzEPmO7GLm3MVHemkRlkmMoS80=
github.com/ogier/pflag v0.0.1 h1:RW6JSWSu/RkSatfcLtogGfFgpim5p7ARQ10ECk5O750=
github.com/ogier/pflag v0.0.1/go.mod h1:zkFki7tvTa0tafRvTBIZTvzYyAu6kQhPZFnshFFPE+g=
github.com/pkg/errors v0.8.0/go.mod h1:bwawxfHBFNV+L2hUp1rHADufV3IMtnDRdf1r5NINEl0=
github.com/pkg/errors v0.8.1 h1:iURUrRGxPUNPdy5/HRSm+Yj6okJ6UtLINN0Q9M4+h3I=
github.com/pkg/errors v0.8.1/go.mod h1:bwawxfHBFNV+L2hUp1rHADufV3IMtnDRdf1r5NINEl0=
github.com/spf13/pflag v1.0.3/go.mod h1:DYY7MBk1bdzusC3SYhjObp+wFpr4gzcvqqNjLnInEg4=
golang.org/x/tools v0.0.0-20180810170437-e96c4e24768d/go.mod h1:n7NCudcB/nEzxVGmLbDWY5pfWTLqBcC2KZ6jyYvM4mQ=
gotest.tools v2.3.0+incompatible h1:oTCKjb7ZuVfn37AQodk7UysjQQL/S5Dep3pzi59u1NQ=
gotest.tools v2.3.0+incompatible/go.mod h1:R//lfYlUuTOTfblYI3lGoAAAebUdzjvbmQsuB7Ykd90=
